
Microsoft Visual Studio Solution File, Format Version 12.00
# Visual Studio Version 17
VisualStudioVersion = 17.11.35222.181
MinimumVisualStudioVersion = 10.0.40219.1
Project("{FAE04EC0-301F-11D3-BF4B-00C04F79EFBC}") = "DesktopCRUD", "DesktopCRUD\DesktopCRUD.csproj", "{28F2C925-4AF8-44F0-9568-F2A65F90784A}"
EndProject
Global
	GlobalSection(SolutionConfigurationPlatforms) = preSolution
		Debug|Any CPU = Debug|Any CPU
		Release|Any CPU = Release|Any CPU
	EndGlobalSection
	GlobalSection(ProjectConfigurationPlatforms) = postSolution
		{28F2C925-4AF8-44F0-9568-F2A65F90784A}.Debug|Any CPU.ActiveCfg = Debug|Any CPU
		{28F2C925-4AF8-44F0-9568-F2A65F90784A}.Debug|Any CPU.Build.0 = Debug|Any CPU
		{28F2C925-4AF8-44F0-9568-F2A65F90784A}.Release|Any CPU.ActiveCfg = Release|Any CPU
		{28F2C925-4AF8-44F0-9568-F2A65F90784A}.Release|Any CPU.Build.0 = Release|Any CPU
	EndGlobalSection
	GlobalSection(SolutionProperties) = preSolution
		HideSolutionNode = FALSE
	EndGlobalSection
	GlobalSection(ExtensibilityGlobals) = postSolution
		SolutionGuid = {7A95A82D-D8EF-4266-868B-D2E14EF281B0}
	EndGlobalSection
EndGlobal
